
Microsoft Visual Studio Solution File, Format Version 12.00
# Visual Studio Version 16
VisualStudioVersion = 16.0.32126.315
MinimumVisualStudioVersion = 10.0.40219.1
Project("{FAE04EC0-301F-11D3-BF4B-00C04F79EFBC}") = "TesteNewCon1", "TesteNewCon1\TesteNewCon1.csproj", "{872F4E5B-C922-4C8B-B9B8-08542D6A5001}"
EndProject
Global
	GlobalSection(SolutionConfigurationPlatforms) = preSolution
		Debug|Any CPU = Debug|Any CPU
		Release|Any CPU = Release|Any CPU
	EndGlobalSection
	GlobalSection(ProjectConfigurationPlatforms) = postSolution
		{872F4E5B-C922-4C8B-B9B8-08542D6A5001}.Debug|Any CPU.ActiveCfg = Debug|Any CPU
		{872F4E5B-C922-4C8B-B9B8-08542D6A5001}.Debug|Any CPU.Build.0 = Debug|Any CPU
		{872F4E5B-C922-4C8B-B9B8-08542D6A5001}.Release|Any CPU.ActiveCfg = Release|Any CPU
		{872F4E5B-C922-4C8B-B9B8-08542D6A5001}.Release|Any CPU.Build.0 = Release|Any CPU
	EndGlobalSection
	GlobalSection(SolutionProperties) = preSolution
		HideSolutionNode = FALSE
	EndGlobalSection
	GlobalSection(ExtensibilityGlobals) = postSolution
		SolutionGuid = {22A0F445-2CB0-4C0D-ADA0-62E8545B3C61}
	EndGlobalSection
EndGlobal
